
Microsoft Visual Studio Solution File, Format Version 12.00
# Visual Studio Version 17
VisualStudioVersion = 17.3.32929.385
MinimumVisualStudioVersion = 10.0.40219.1
Project("{FAE04EC0-301F-11D3-BF4B-00C04F79EFBC}") = "DatingApp", "DatingApp.csproj", "{6909C1EA-1B68-42B3-8DD9-19B87030F23E}"
EndProject
Global
	GlobalSection(SolutionConfigurationPlatforms) = preSolution
		Debug|Any CPU = Debug|Any CPU
		Release|Any CPU = Release|Any CPU
	EndGlobalSection
	GlobalSection(ProjectConfigurationPlatforms) = postSolution
		{6909C1EA-1B68-42B3-8DD9-19B87030F23E}.Debug|Any CPU.ActiveCfg = Debug|Any CPU
		{6909C1EA-1B68-42B3-8DD9-19B87030F23E}.Debug|Any CPU.Build.0 = Debug|Any CPU
		{6909C1EA-1B68-42B3-8DD9-19B87030F23E}.Release|Any CPU.ActiveCfg = Release|Any CPU
		{6909C1EA-1B68-42B3-8DD9-19B87030F23E}.Release|Any CPU.Build.0 = Release|Any CPU
	EndGlobalSection
	GlobalSection(SolutionProperties) = preSolution
		HideSolutionNode = FALSE
	EndGlobalSection
	GlobalSection(ExtensibilityGlobals) = postSolution
		SolutionGuid = {06BE8663-6DA5-4897-A317-7044D5B11BF0}
	EndGlobalSection
EndGlobal
